<Solution>
  <Folder Name="/Demo/" />
  <Folder Name="/Demo/Demo .NET 10.0/" />
  <Folder Name="/Demo/Demo .NET 4.8/">
    <Project Path="Demo/Demo .NET 4.8/ImageCatcherEvent48/ImageCatcherEvent48.csproj" Id="399d3d68-9e64-4cae-8cfd-f49192fa59ae" />
    <Project Path="Demo/Demo .NET 4.8/ImageCatcherMember48/ImageCatcherMember48.csproj" Id="d024bd6e-0b14-4acb-af80-ce28bec0198c" />
    <Project Path="Demo/Demo .NET 4.8/ImageCatcherMvvm48/ImageCatcherMvvm48.csproj" Id="4a005688-8cb5-4ac3-8054-89e24ac3c08a" />
    <Project Path="Demo/Demo .NET 4.8/ImageCatcherOverride48/ImageCatcherOverride48.csproj" Id="e7c3b4db-8198-48b1-902f-20fdcde4f73e" />
  </Folder>
  <Folder Name="/Demo/Demo .NET 6.0/">
    <Project Path="Demo/Demo .NET 6.0/ImageCatcherEvent60/ImageCatcherEvent60.csproj" />
    <Project Path="Demo/Demo .NET 6.0/ImageCatcherMember60/ImageCatcherMember60.csproj" />
    <Project Path="Demo/Demo .NET 6.0/ImageCatcherMvvm60/ImageCatcherMvvm60.csproj" />
    <Project Path="Demo/Demo .NET 6.0/ImageCatcherOverride60/ImageCatcherOverride60.csproj" />
  </Folder>
  <Folder Name="/Demo/Demo .NET 7.0/">
    <Project Path="Demo/Demo .NET 7.0/ImageCatcherEvent70/ImageCatcherEvent70.csproj" />
    <Project Path="Demo/Demo .NET 7.0/ImageCatcherMember70/ImageCatcherMember70.csproj" />
    <Project Path="Demo/Demo .NET 7.0/ImageCatcherMvvm70/ImageCatcherMvvm70.csproj" />
    <Project Path="Demo/Demo .NET 7.0/ImageCatcherOverride70/ImageCatcherOverride70.csproj" />
  </Folder>
  <Folder Name="/Demo/Demo .NET 8.0/">
    <Project Path="Demo/Demo .NET 8.0/ImageCatcherEvent80/ImageCatcherEvent80.csproj" />
    <Project Path="Demo/Demo .NET 8.0/ImageCatcherMember80/ImageCatcherMember80.csproj" />
    <Project Path="Demo/Demo .NET 8.0/ImageCatcherMvvm80/ImageCatcherMvvm80.csproj" />
    <Project Path="Demo/Demo .NET 8.0/ImageCatcherOverride80/ImageCatcherOverride80.csproj" />
  </Folder>
  <Folder Name="/Demo/Demo .NET 9.0/">
    <Project Path="Demo/Demo .NET 9.0/ImageCatcherEvent90/ImageCatcherEvent90.csproj" />
    <Project Path="Demo/Demo .NET 9.0/ImageCatcherMember90/ImageCatcherMember90.csproj" />
    <Project Path="Demo/Demo .NET 9.0/ImageCatcherMvvm90/ImageCatcherMvvm90.csproj" />
    <Project Path="Demo/Demo .NET 9.0/ImageCatcherOverride90/ImageCatcherOverride90.csproj" />
  </Folder>
  <Folder Name="/Demo/Demo Share/">
    <Project Path="Demo/Demo Share/ImageCatcherEventShare/ImageCatcherEventShare.shproj" />
    <Project Path="Demo/Demo Share/ImageCatcherMemberShare/ImageCatcherMemberShare.shproj" />
    <Project Path="Demo/Demo Share/ImageCatcherMvvmShare/ImageCatcherMvvmShare.shproj" />
    <Project Path="Demo/Demo Share/ImageCatcherOverrideShare/ImageCatcherOverrideShare.shproj" />
  </Folder>
  <Folder Name="/Src/">
    <Project Path="Src/WpfClipboardMonitor48/WpfClipboardMonitor48.csproj" Id="cd85c3c6-4eec-4812-99ae-ade8e65a313a" />
    <Project Path="Src/WpfClipboardMonitor60/WpfClipboardMonitor60.csproj" />
    <Project Path="Src/WpfClipboardMonitor70/WpfClipboardMonitor70.csproj" />
    <Project Path="Src/WpfClipboardMonitor80/WpfClipboardMonitor80.csproj" />
    <Project Path="Src/WpfClipboardMonitor90/WpfClipboardMonitor90.csproj" />
    <Project Path="Src/WpfClipboardMonitorShare/WpfClipboardMonitorShare.shproj" />
  </Folder>
</Solution>
